Microsoft Visual Studio Solution File, Format Version 12.00
# Visual Studio Version 17
VisualStudioVersion = 17.5.2.0
MinimumVisualStudioVersion = 10.0.40219.1
Project("{2150E333-8FDC-42A3-9474-1A3956D46DE8}") = "04-linq", "04-linq", "{86A3206B-6B12-AB9D-9744-6E05A16756DB}"
EndProject
Project("{2150E333-8FDC-42A3-9474-1A3956D46DE8}") = "03-oops", "03-oops", "{18ACA659-C5E6-80D5-08DD-A5F945A49E2C}"
EndProject
Project("{2150E333-8FDC-42A3-9474-1A3956D46DE8}") = "02-arrays-and-lists", "02-arrays-and-lists", "{214FBAA9-7418-DC41-2DF2-C4559CDD7182}"
EndProject
Project("{2150E333-8FDC-42A3-9474-1A3956D46DE8}") = "01-csharp-basics", "01-csharp-basics", "{7792C7EA-4307-103E-5AF4-D2C62428DBDF}"
EndProject
Project("{FAE04EC0-301F-11D3-BF4B-00C04F79EFBC}") = "where-filter", "04-linq\where-filter\where-filter.csproj", "{74A20CD4-CB72-FAA9-57D8-842757B1217B}"
EndProject
Project("{FAE04EC0-301F-11D3-BF4B-00C04F79EFBC}") = "select-transform", "04-linq\select-transform\select-transform.csproj", "{9870523E-CCC9-8E8B-B31B-97E72AD9072F}"
EndProject
Project("{FAE04EC0-301F-11D3-BF4B-00C04F79EFBC}") = "groupby", "04-linq\groupby\groupby.csproj", "{FB34FFC8-9D13-EC27-D7CE-42E06D79294F}"
EndProject
Project("{2150E333-8FDC-42A3-9474-1A3956D46DE8}") = " sum-max-count", " sum-max-count", "{03FC2F32-74DC-AB35-055E-E03D93F4BAAE}"
EndProject
Project("{FAE04EC0-301F-11D3-BF4B-00C04F79EFBC}") = "sum-max-count", "04-linq\ sum-max-count\sum-max-count.csproj", "{BECC8A5C-8346-6114-0BF8-C6A5E72C5C66}"
EndProject
Project("{FAE04EC0-301F-11D3-BF4B-00C04F79EFBC}") = "orderby", "04-linq\orderby\orderby.csproj", "{521FDA11-F065-7A69-0D6F-663EED5B7D10}"
EndProject
Project("{FAE04EC0-301F-11D3-BF4B-00C04F79EFBC}") = "first-firstordefault", "04-linq\first-firstordefault\first-firstordefault.csproj", "{8686FEC8-1DA7-F12E-87C6-ABCF41C716E7}"
EndProject
Project("{FAE04EC0-301F-11D3-BF4B-00C04F79EFBC}") = "method-overriding", "03-oops\method-overriding\method-overriding.csproj", "{132C1F95-A435-3E0E-9227-6B1AABB93A75}"
EndProject
Project("{FAE04EC0-301F-11D3-BF4B-00C04F79EFBC}") = "enscapsulation-basic", "03-oops\enscapsulation-basic\enscapsulation-basic.csproj", "{439825AC-52EE-16C1-0EF4-FD6455E40A8C}"
EndProject
Project("{FAE04EC0-301F-11D3-BF4B-00C04F79EFBC}") = "inheritance-basic", "03-oops\inheritance-basic\inheritance-basic.csproj", "{CB688689-EFC9-B9A3-A54C-357A5AC76908}"
EndProject
Project("{FAE04EC0-301F-11D3-BF4B-00C04F79EFBC}") = "method-overloading", "03-oops\method-overloading\method-overloading.csproj", "{38EAA87C-FCA4-4F92-2C63-1A415398AA84}"
EndProject
Project("{FAE04EC0-301F-11D3-BF4B-00C04F79EFBC}") = "encapsulation-validation", "03-oops\encapsulation-validation\encapsulation-validation.csproj", "{08AB8BEE-7EEB-5B0C-5D32-EFEDC8C076DB}"
EndProject
Project("{FAE04EC0-301F-11D3-BF4B-00C04F79EFBC}") = "even-numbers-from-list", "02-arrays-and-lists\even-numbers-from-list\even-numbers-from-list.csproj", "{159BC143-DE69-2D73-E82E-D38327910FA0}"
EndProject
Project("{FAE04EC0-301F-11D3-BF4B-00C04F79EFBC}") = "list-add-remove-contains", "02-arrays-and-lists\list-add-remove-contains\list-add-remove-contains.csproj", "{F61E3F0A-FC72-13FC-6882-1838A40DBEC3}"
EndProject
Project("{FAE04EC0-301F-11D3-BF4B-00C04F79EFBC}") = "print-array-elements", "02-arrays-and-lists\print-array-elements\print-array-elements.csproj", "{BB52AB26-6735-345D-96A9-A179AC37D9C4}"
EndProject
Project("{FAE04EC0-301F-11D3-BF4B-00C04F79EFBC}") = "dictionary-basics", "02-arrays-and-lists\dictionary-basics\dictionary-basics.csproj", "{68EB3B68-9F13-DC2E-B74B-9F0FDE714BA6}"
EndProject
Project("{FAE04EC0-301F-11D3-BF4B-00C04F79EFBC}") = "even-numbers-1-to-20", "01-csharp-basics\even-numbers-1-to-20\even-numbers-1-to-20.csproj", "{96639510-5D12-4EB2-849D-66E637A9A8CD}"
EndProject
Project("{FAE04EC0-301F-11D3-BF4B-00C04F79EFBC}") = "sum-1-to-10", "01-csharp-basics\sum-1-to-10\sum-1-to-10.csproj", "{E1291B92-2130-8696-8F4F-A7D0AF4C66B9}"
EndProject
Project("{FAE04EC0-301F-11D3-BF4B-00C04F79EFBC}") = "print-1-to-10", "01-csharp-basics\print-1-to-10\print-1-to-10.csproj", "{B35A8EB2-B22D-2EA0-6F77-031B5B6187F0}"
EndProject
Project("{FAE04EC0-301F-11D3-BF4B-00C04F79EFBC}") = "even-or-odd", "01-csharp-basics\even-or-odd\even-or-odd.csproj", "{45E940F4-138F-1C4F-AD6B-44386C9FE109}"
EndProject
Global
	GlobalSection(SolutionConfigurationPlatforms) = preSolution
		Debug|Any CPU = Debug|Any CPU
		Release|Any CPU = Release|Any CPU
	EndGlobalSection
	GlobalSection(ProjectConfigurationPlatforms) = postSolution
		{74A20CD4-CB72-FAA9-57D8-842757B1217B}.Debug|Any CPU.ActiveCfg = Debug|Any CPU
		{74A20CD4-CB72-FAA9-57D8-842757B1217B}.Debug|Any CPU.Build.0 = Debug|Any CPU
		{74A20CD4-CB72-FAA9-57D8-842757B1217B}.Release|Any CPU.ActiveCfg = Release|Any CPU
		{74A20CD4-CB72-FAA9-57D8-842757B1217B}.Release|Any CPU.Build.0 = Release|Any CPU
		{9870523E-CCC9-8E8B-B31B-97E72AD9072F}.Debug|Any CPU.ActiveCfg = Debug|Any CPU
		{9870523E-CCC9-8E8B-B31B-97E72AD9072F}.Debug|Any CPU.Build.0 = Debug|Any CPU
		{9870523E-CCC9-8E8B-B31B-97E72AD9072F}.Release|Any CPU.ActiveCfg = Release|Any CPU
		{9870523E-CCC9-8E8B-B31B-97E72AD9072F}.Release|Any CPU.Build.0 = Release|Any CPU
		{FB34FFC8-9D13-EC27-D7CE-42E06D79294F}.Debug|Any CPU.ActiveCfg = Debug|Any CPU
		{FB34FFC8-9D13-EC27-D7CE-42E06D79294F}.Debug|Any CPU.Build.0 = Debug|Any CPU
		{FB34FFC8-9D13-EC27-D7CE-42E06D79294F}.Release|Any CPU.ActiveCfg = Release|Any CPU
		{FB34FFC8-9D13-EC27-D7CE-42E06D79294F}.Release|Any CPU.Build.0 = Release|Any CPU
		{BECC8A5C-8346-6114-0BF8-C6A5E72C5C66}.Debug|Any CPU.ActiveCfg = Debug|Any CPU
		{BECC8A5C-8346-6114-0BF8-C6A5E72C5C66}.Debug|Any CPU.Build.0 = Debug|Any CPU
		{BECC8A5C-8346-6114-0BF8-C6A5E72C5C66}.Release|Any CPU.ActiveCfg = Release|Any CPU
		{BECC8A5C-8346-6114-0BF8-C6A5E72C5C66}.Release|Any CPU.Build.0 = Release|Any CPU
		{521FDA11-F065-7A69-0D6F-663EED5B7D10}.Debug|Any CPU.ActiveCfg = Debug|Any CPU
		{521FDA11-F065-7A69-0D6F-663EED5B7D10}.Debug|Any CPU.Build.0 = Debug|Any CPU
		{521FDA11-F065-7A69-0D6F-663EED5B7D10}.Release|Any CPU.ActiveCfg = Release|Any CPU
		{521FDA11-F065-7A69-0D6F-663EED5B7D10}.Release|Any CPU.Build.0 = Release|Any CPU
		{8686FEC8-1DA7-F12E-87C6-ABCF41C716E7}.Debug|Any CPU.ActiveCfg = Debug|Any CPU
		{8686FEC8-1DA7-F12E-87C6-ABCF41C716E7}.Debug|Any CPU.Build.0 = Debug|Any CPU
		{8686FEC8-1DA7-F12E-87C6-ABCF41C716E7}.Release|Any CPU.ActiveCfg = Release|Any CPU
		{8686FEC8-1DA7-F12E-87C6-ABCF41C716E7}.Release|Any CPU.Build.0 = Release|Any CPU
		{132C1F95-A435-3E0E-9227-6B1AABB93A75}.Debug|Any CPU.ActiveCfg = Debug|Any CPU
		{132C1F95-A435-3E0E-9227-6B1AABB93A75}.Debug|Any CPU.Build.0 = Debug|Any CPU
		{132C1F95-A435-3E0E-9227-6B1AABB93A75}.Release|Any CPU.ActiveCfg = Release|Any CPU
		{132C1F95-A435-3E0E-9227-6B1AABB93A75}.Release|Any CPU.Build.0 = Release|Any CPU
		{439825AC-52EE-16C1-0EF4-FD6455E40A8C}.Debug|Any CPU.ActiveCfg = Debug|Any CPU
		{439825AC-52EE-16C1-0EF4-FD6455E40A8C}.Debug|Any CPU.Build.0 = Debug|Any CPU
		{439825AC-52EE-16C1-0EF4-FD6455E40A8C}.Release|Any CPU.ActiveCfg = Release|Any CPU
		{439825AC-52EE-16C1-0EF4-FD6455E40A8C}.Release|Any CPU.Build.0 = Release|Any CPU
		{CB688689-EFC9-B9A3-A54C-357A5AC76908}.Debug|Any CPU.ActiveCfg = Debug|Any CPU
		{CB688689-EFC9-B9A3-A54C-357A5AC76908}.Debug|Any CPU.Build.0 = Debug|Any CPU
		{CB688689-EFC9-B9A3-A54C-357A5AC76908}.Release|Any CPU.ActiveCfg = Release|Any CPU
		{CB688689-EFC9-B9A3-A54C-357A5AC76908}.Release|Any CPU.Build.0 = Release|Any CPU
		{38EAA87C-FCA4-4F92-2C63-1A415398AA84}.Debug|Any CPU.ActiveCfg = Debug|Any CPU
		{38EAA87C-FCA4-4F92-2C63-1A415398AA84}.Debug|Any CPU.Build.0 = Debug|Any CPU
		{38EAA87C-FCA4-4F92-2C63-1A415398AA84}.Release|Any CPU.ActiveCfg = Release|Any CPU
		{38EAA87C-FCA4-4F92-2C63-1A415398AA84}.Release|Any CPU.Build.0 = Release|Any CPU
		{08AB8BEE-7EEB-5B0C-5D32-EFEDC8C076DB}.Debug|Any CPU.ActiveCfg = Debug|Any CPU
		{08AB8BEE-7EEB-5B0C-5D32-EFEDC8C076DB}.Debug|Any CPU.Build.0 = Debug|Any CPU
		{08AB8BEE-7EEB-5B0C-5D32-EFEDC8C076DB}.Release|Any CPU.ActiveCfg = Release|Any CPU
		{08AB8BEE-7EEB-5B0C-5D32-EFEDC8C076DB}.Release|Any CPU.Build.0 = Release|Any CPU
		{159BC143-DE69-2D73-E82E-D38327910FA0}.Debug|Any CPU.ActiveCfg = Debug|Any CPU
		{159BC143-DE69-2D73-E82E-D38327910FA0}.Debug|Any CPU.Build.0 = Debug|Any CPU
		{159BC143-DE69-2D73-E82E-D38327910FA0}.Release|Any CPU.ActiveCfg = Release|Any CPU
		{159BC143-DE69-2D73-E82E-D38327910FA0}.Release|Any CPU.Build.0 = Release|Any CPU
		{F61E3F0A-FC72-13FC-6882-1838A40DBEC3}.Debug|Any CPU.ActiveCfg = Debug|Any CPU
		{F61E3F0A-FC72-13FC-6882-1838A40DBEC3}.Debug|Any CPU.Build.0 = Debug|Any CPU
		{F61E3F0A-FC72-13FC-6882-1838A40DBEC3}.Release|Any CPU.ActiveCfg = Release|Any CPU
		{F61E3F0A-FC72-13FC-6882-1838A40DBEC3}.Release|Any CPU.Build.0 = Release|Any CPU
		{BB52AB26-6735-345D-96A9-A179AC37D9C4}.Debug|Any CPU.ActiveCfg = Debug|Any CPU
		{BB52AB26-6735-345D-96A9-A179AC37D9C4}.Debug|Any CPU.Build.0 = Debug|Any CPU
		{BB52AB26-6735-345D-96A9-A179AC37D9C4}.Release|Any CPU.ActiveCfg = Release|Any CPU
		{BB52AB26-6735-345D-96A9-A179AC37D9C4}.Release|Any CPU.Build.0 = Release|Any CPU
		{68EB3B68-9F13-DC2E-B74B-9F0FDE714BA6}.Debug|Any CPU.ActiveCfg = Debug|Any CPU
		{68EB3B68-9F13-DC2E-B74B-9F0FDE714BA6}.Debug|Any CPU.Build.0 = Debug|Any CPU
		{68EB3B68-9F13-DC2E-B74B-9F0FDE714BA6}.Release|Any CPU.ActiveCfg = Release|Any CPU
		{68EB3B68-9F13-DC2E-B74B-9F0FDE714BA6}.Release|Any CPU.Build.0 = Release|Any CPU
		{96639510-5D12-4EB2-849D-66E637A9A8CD}.Debug|Any CPU.ActiveCfg = Debug|Any CPU
		{96639510-5D12-4EB2-849D-66E637A9A8CD}.Debug|Any CPU.Build.0 = Debug|Any CPU
		{96639510-5D12-4EB2-849D-66E637A9A8CD}.Release|Any CPU.ActiveCfg = Release|Any CPU
		{96639510-5D12-4EB2-849D-66E637A9A8CD}.Release|Any CPU.Build.0 = Release|Any CPU
		{E1291B92-2130-8696-8F4F-A7D0AF4C66B9}.Debug|Any CPU.ActiveCfg = Debug|Any CPU
		{E1291B92-2130-8696-8F4F-A7D0AF4C66B9}.Debug|Any CPU.Build.0 = Debug|Any CPU
		{E1291B92-2130-8696-8F4F-A7D0AF4C66B9}.Release|Any CPU.ActiveCfg = Release|Any CPU
		{E1291B92-2130-8696-8F4F-A7D0AF4C66B9}.Release|Any CPU.Build.0 = Release|Any CPU
		{B35A8EB2-B22D-2EA0-6F77-031B5B6187F0}.Debug|Any CPU.ActiveCfg = Debug|Any CPU
		{B35A8EB2-B22D-2EA0-6F77-031B5B6187F0}.Debug|Any CPU.Build.0 = Debug|Any CPU
		{B35A8EB2-B22D-2EA0-6F77-031B5B6187F0}.Release|Any CPU.ActiveCfg = Release|Any CPU
		{B35A8EB2-B22D-2EA0-6F77-031B5B6187F0}.Release|Any CPU.Build.0 = Release|Any CPU
		{45E940F4-138F-1C4F-AD6B-44386C9FE109}.Debug|Any CPU.ActiveCfg = Debug|Any CPU
		{45E940F4-138F-1C4F-AD6B-44386C9FE109}.Debug|Any CPU.Build.0 = Debug|Any CPU
		{45E940F4-138F-1C4F-AD6B-44386C9FE109}.Release|Any CPU.ActiveCfg = Release|Any CPU
		{45E940F4-138F-1C4F-AD6B-44386C9FE109}.Release|Any CPU.Build.0 = Release|Any CPU
	EndGlobalSection
	GlobalSection(SolutionProperties) = preSolution
		HideSolutionNode = FALSE
	EndGlobalSection
	GlobalSection(NestedProjects) = preSolution
		{74A20CD4-CB72-FAA9-57D8-842757B1217B} = {86A3206B-6B12-AB9D-9744-6E05A16756DB}
		{9870523E-CCC9-8E8B-B31B-97E72AD9072F} = {86A3206B-6B12-AB9D-9744-6E05A16756DB}
		{FB34FFC8-9D13-EC27-D7CE-42E06D79294F} = {86A3206B-6B12-AB9D-9744-6E05A16756DB}
		{03FC2F32-74DC-AB35-055E-E03D93F4BAAE} = {86A3206B-6B12-AB9D-9744-6E05A16756DB}
		{BECC8A5C-8346-6114-0BF8-C6A5E72C5C66} = {03FC2F32-74DC-AB35-055E-E03D93F4BAAE}
		{521FDA11-F065-7A69-0D6F-663EED5B7D10} = {86A3206B-6B12-AB9D-9744-6E05A16756DB}
		{8686FEC8-1DA7-F12E-87C6-ABCF41C716E7} = {86A3206B-6B12-AB9D-9744-6E05A16756DB}
		{132C1F95-A435-3E0E-9227-6B1AABB93A75} = {18ACA659-C5E6-80D5-08DD-A5F945A49E2C}
		{439825AC-52EE-16C1-0EF4-FD6455E40A8C} = {18ACA659-C5E6-80D5-08DD-A5F945A49E2C}
		{CB688689-EFC9-B9A3-A54C-357A5AC76908} = {18ACA659-C5E6-80D5-08DD-A5F945A49E2C}
		{38EAA87C-FCA4-4F92-2C63-1A415398AA84} = {18ACA659-C5E6-80D5-08DD-A5F945A49E2C}
		{08AB8BEE-7EEB-5B0C-5D32-EFEDC8C076DB} = {18ACA659-C5E6-80D5-08DD-A5F945A49E2C}
		{159BC143-DE69-2D73-E82E-D38327910FA0} = {214FBAA9-7418-DC41-2DF2-C4559CDD7182}
		{F61E3F0A-FC72-13FC-6882-1838A40DBEC3} = {214FBAA9-7418-DC41-2DF2-C4559CDD7182}
		{BB52AB26-6735-345D-96A9-A179AC37D9C4} = {214FBAA9-7418-DC41-2DF2-C4559CDD7182}
		{68EB3B68-9F13-DC2E-B74B-9F0FDE714BA6} = {214FBAA9-7418-DC41-2DF2-C4559CDD7182}
		{96639510-5D12-4EB2-849D-66E637A9A8CD} = {7792C7EA-4307-103E-5AF4-D2C62428DBDF}
		{E1291B92-2130-8696-8F4F-A7D0AF4C66B9} = {7792C7EA-4307-103E-5AF4-D2C62428DBDF}
		{B35A8EB2-B22D-2EA0-6F77-031B5B6187F0} = {7792C7EA-4307-103E-5AF4-D2C62428DBDF}
		{45E940F4-138F-1C4F-AD6B-44386C9FE109} = {7792C7EA-4307-103E-5AF4-D2C62428DBDF}
	EndGlobalSection
	GlobalSection(ExtensibilityGlobals) = postSolution
		SolutionGuid = {B6E5A7DF-95B6-48EC-B225-A2F7DC546E7C}
	EndGlobalSection
EndGlobal
